// !$*UTF8*$!
{
	archiveVersion = 1;
	classes = {
	};
	objectVersion = 46;
	objects = {

/* Begin PBXBuildFile section */
		980E2ADB1D6F0E9A00186AA3 /* AppDelegate.swift in Sources */ = {isa = PBXBuildFile; fileRef = 980E2ADA1D6F0E9A00186AA3 /* AppDelegate.swift */; };
		980E2ADD1D6F0E9A00186AA3 /* ViewController.swift in Sources */ = {isa = PBXBuildFile; fileRef = 980E2ADC1D6F0E9A00186AA3 /* ViewController.swift */; };
		980E2AE01D6F0E9A00186AA3 /* Main.storyboard in Resources */ = {isa = PBXBuildFile; fileRef = 980E2ADE1D6F0E9A00186AA3 /* Main.storyboard */; };
		980E2AE21D6F0E9A00186AA3 /* Assets.xcassets in Resources */ = {isa = PBXBuildFile; fileRef = 980E2AE11D6F0E9A00186AA3 /* Assets.xcassets */; };
		980E2AE51D6F0E9A00186AA3 /* LaunchScreen.storyboard in Resources */ = {isa = PBXBuildFile; fileRef = 980E2AE31D6F0E9A00186AA3 /* LaunchScreen.storyboard */; };
		980E2AF01D6F0E9B00186AA3 /* RunToMusicTests.swift in Sources */ = {isa = PBXBuildFile; fileRef = 980E2AEF1D6F0E9B00186AA3 /* RunToMusicTests.swift */; };
		980E2AFB1D6F0E9B00186AA3 /* RunToMusicUITests.swift in Sources */ = {isa = PBXBuildFile; fileRef = 980E2AFA1D6F0E9B00186AA3 /* RunToMusicUITests.swift */; };
		980E2B091D6F0EF700186AA3 /* GetMusicList.swift in Sources */ = {isa = PBXBuildFile; fileRef = 980E2B081D6F0EF700186AA3 /* GetMusicList.swift */; };
		985E25C41D79B3F100EE71AE /* art in Resources */ = {isa = PBXBuildFile; fileRef = 985E25C31D79B3F100EE71AE /* art */; };
/* End PBXBuildFile section */

/* Begin PBXContainerItemProxy section */
		980E2AEC1D6F0E9B00186AA3 /* PBXContainerItemProxy */ = {
			isa = PBXContainerItemProxy;
			containerPortal = 980E2ACF1D6F0E9A00186AA3 /* Project object */;
			proxyType = 1;
			remoteGlobalIDString = 980E2AD61D6F0E9A00186AA3;
			remoteInfo = RunToMusic;
		};
		980E2AF71D6F0E9B00186AA3 /* PBXContainerItemProxy */ = {
			isa = PBXContainerItemProxy;
			containerPortal = 980E2ACF1D6F0E9A00186AA3 /* Project object */;
			proxyType = 1;
			remoteGlobalIDString = 980E2AD61D6F0E9A00186AA3;
			remoteInfo = RunToMusic;
		};
/* End PBXContainerItemProxy section */

/* Begin PBXFileReference section */
		980E2AD71D6F0E9A00186AA3 /* RunToMusic.app */ = {isa = PBXFileReference; explicitFileType = wrapper.application; includeInIndex = 0; path = RunToMusic.app; sourceTree = BUILT_PRODUCTS_DIR; };
		980E2ADA1D6F0E9A00186AA3 /* AppDelegate.swift */ = {isa = PBXFileReference; lastKnownFileType = sourcecode.swift; path = AppDelegate.swift; sourceTree = "<group>"; };
		980E2ADC1D6F0E9A00186AA3 /* ViewController.swift */ = {isa = PBXFileReference; lastKnownFileType = sourcecode.swift; path = ViewController.swift; sourceTree = "<group>"; };
		980E2ADF1D6F0E9A00186AA3 /* Base */ = {isa = PBXFileReference; lastKnownFileType = file.storyboard; name = Base; path = Base.lproj/Main.storyboard; sourceTree = "<group>"; };
		980E2AE11D6F0E9A00186AA3 /* Assets.xcassets */ = {isa = PBXFileReference; lastKnownFileType = folder.assetcatalog; path = Assets.xcassets; sourceTree = "<group>"; };
		980E2AE41D6F0E9A00186AA3 /* Base */ = {isa = PBXFileReference; lastKnownFileType = file.storyboard; name = Base; path = Base.lproj/LaunchScreen.storyboard; sourceTree = "<group>"; };
		980E2AE61D6F0E9A00186AA3 /* Info.plist */ = {isa = PBXFileReference; lastKnownFileType = text.plist.xml; path = Info.plist; sourceTree = "<group>"; };
		980E2AEB1D6F0E9B00186AA3 /* RunToMusicTests.xctest */ = {isa = PBXFileReference; explicitFileType = wrapper.cfbundle; includeInIndex = 0; path = RunToMusicTests.xctest; sourceTree = BUILT_PRODUCTS_DIR; };
		980E2AEF1D6F0E9B00186AA3 /* RunToMusicTests.swift */ = {isa = PBXFileReference; lastKnownFileType = sourcecode.swift; path = RunToMusicTests.swift; sourceTree = "<group>"; };
		980E2AF11D6F0E9B00186AA3 /* Info.plist */ = {isa = PBXFileReference; lastKnownFileType = text.plist.xml; path = Info.plist; sourceTree = "<group>"; };
		980E2AF61D6F0E9B00186AA3 /* RunToMusicUITests.xctest */ = {isa = PBXFileReference; explicitFileType = wrapper.cfbundle; includeInIndex = 0; path = RunToMusicUITests.xctest; sourceTree = BUILT_PRODUCTS_DIR; };
		980E2AFA1D6F0E9B00186AA3 /* RunToMusicUITests.swift */ = {isa = PBXFileReference; lastKnownFileType = sourcecode.swift; path = RunToMusicUITests.swift; sourceTree = "<group>"; };
		980E2AFC1D6F0E9B00186AA3 /* Info.plist */ = {isa = PBXFileReference; lastKnownFileType = text.plist.xml; path = Info.plist; sourceTree = "<group>"; };
		980E2B081D6F0EF700186AA3 /* GetMusicList.swift */ = {isa = PBXFileReference; fileEncoding = 4; lastKnownFileType = sourcecode.swift; path = GetMusicList.swift; sourceTree = "<group>"; };
		985E25C31D79B3F100EE71AE /* art */ = {isa = PBXFileReference; lastKnownFileType = folder; path = art; sourceTree = "<group>"; };
/* End PBXFileReference section */

/* Begin PBXFrameworksBuildPhase section */
		980E2AD41D6F0E9A00186AA3 /* Frameworks */ = {
			isa = PBXFrameworksBuildPhase;
			buildActionMask = 2147483647;
			files = (
			);
			runOnlyForDeploymentPostprocessing = 0;
		};
		980E2AE81D6F0E9B00186AA3 /* Frameworks */ = {
			isa = PBXFrameworksBuildPhase;
			buildActionMask = 2147483647;
			files = (
			);
			runOnlyForDeploymentPostprocessing = 0;
		};
		980E2AF31D6F0E9B00186AA3 /* Frameworks */ = {
			isa = PBXFrameworksBuildPhase;
			buildActionMask = 2147483647;
			files = (
			);
			runOnlyForDeploymentPostprocessing = 0;
		};
/* End PBXFrameworksBuildPhase section */

/* Begin PBXGroup section */
		980E2ACE1D6F0E9A00186AA3 = {
			isa = PBXGroup;
			children = (
				980E2AD91D6F0E9A00186AA3 /* RunToMusic */,
				980E2AEE1D6F0E9B00186AA3 /* RunToMusicTests */,
				980E2AF91D6F0E9B00186AA3 /* RunToMusicUITests */,
				980E2AD81D6F0E9A00186AA3 /* Products */,
			);
			sourceTree = "<group>";
		};
		980E2AD81D6F0E9A00186AA3 /* Products */ = {
			isa = PBXGroup;
			children = (
				980E2AD71D6F0E9A00186AA3 /* RunToMusic.app */,
				980E2AEB1D6F0E9B00186AA3 /* RunToMusicTests.xctest */,
				980E2AF61D6F0E9B00186AA3 /* RunToMusicUITests.xctest */,
			);
			name = Products;
			sourceTree = "<group>";
		};
		980E2AD91D6F0E9A00186AA3 /* RunToMusic */ = {
			isa = PBXGroup;
			children = (
				985E25C31D79B3F100EE71AE /* art */,
				980E2ADA1D6F0E9A00186AA3 /* AppDelegate.swift */,
				980E2B081D6F0EF700186AA3 /* GetMusicList.swift */,
				980E2ADC1D6F0E9A00186AA3 /* ViewController.swift */,
				980E2ADE1D6F0E9A00186AA3 /* Main.storyboard */,
				980E2AE11D6F0E9A00186AA3 /* Assets.xcassets */,
				980E2AE31D6F0E9A00186AA3 /* LaunchScreen.storyboard */,
				980E2AE61D6F0E9A00186AA3 /* Info.plist */,
			);
			path = RunToMusic;
			sourceTree = "<group>";
		};
		980E2AEE1D6F0E9B00186AA3 /* RunToMusicTests */ = {
			isa = PBXGroup;
			children = (
				980E2AEF1D6F0E9B00186AA3 /* RunToMusicTests.swift */,
				980E2AF11D6F0E9B00186AA3 /* Info.plist */,
			);
			path = RunToMusicTests;
			sourceTree = "<group>";
		};
		980E2AF91D6F0E9B00186AA3 /* RunToMusicUITests */ = {
			isa = PBXGroup;
			children = (
				980E2AFA1D6F0E9B00186AA3 /* RunToMusicUITests.swift */,
				980E2AFC1D6F0E9B00186AA3 /* Info.plist */,
			);
			path = RunToMusicUITests;
			sourceTree = "<group>";
		};
/* End PBXGroup section */

/* Begin PBXNativeTarget section */
		980E2AD61D6F0E9A00186AA3 /* RunToMusic */ = {
			isa = PBXNativeTarget;
			buildConfigurationList = 980E2AFF1D6F0E9B00186AA3 /* Build configuration list for PBXNativeTarget "RunToMusic" */;
			buildPhases = (
				980E2AD31D6F0E9A00186AA3 /* Sources */,
				980E2AD41D6F0E9A00186AA3 /* Frameworks */,
				980E2AD51D6F0E9A00186AA3 /* Resources */,
			);
			buildRules = (
			);
			dependencies = (
			);
			name = RunToMusic;
			productName = RunToMusic;
			productReference = 980E2AD71D6F0E9A00186AA3 /* RunToMusic.app */;
			productType = "com.apple.product-type.application";
		};
		980E2AEA1D6F0E9B00186AA3 /* RunToMusicTests */ = {
			isa = PBXNativeTarget;
			buildConfigurationList = 980E2B021D6F0E9B00186AA3 /* Build configuration list for PBXNativeTarget "RunToMusicTests" */;
			buildPhases = (
				980E2AE71D6F0E9B00186AA3 /* Sources */,
				980E2AE81D6F0E9B00186AA3 /* Frameworks */,
				980E2AE91D6F0E9B00186AA3 /* Resources */,
			);
			buildRules = (
			);
			dependencies = (
				980E2AED1D6F0E9B00186AA3 /* PBXTargetDependency */,
			);
			name = RunToMusicTests;
			productName = RunToMusicTests;
			productReference = 980E2AEB1D6F0E9B00186AA3 /* RunToMusicTests.xctest */;
			productType = "com.apple.product-type.bundle.unit-test";
		};
		980E2AF51D6F0E9B00186AA3 /* RunToMusicUITests */ = {
			isa = PBXNativeTarget;
			buildConfigurationList = 980E2B051D6F0E9B00186AA3 /* Build configuration list for PBXNativeTarget "RunToMusicUITests" */;
			buildPhases = (
				980E2AF21D6F0E9B00186AA3 /* Sources */,
				980E2AF31D6F0E9B00186AA3 /* Frameworks */,
				980E2AF41D6F0E9B00186AA3 /* Resources */,
			);
			buildRules = (
			);
			dependencies = (
				980E2AF81D6F0E9B00186AA3 /* PBXTargetDependency */,
			);
			name = RunToMusicUITests;
			productName = RunToMusicUITests;
			productReference = 980E2AF61D6F0E9B00186AA3 /* RunToMusicUITests.xctest */;
			productType = "com.apple.product-type.bundle.ui-testing";
		};
/* End PBXNativeTarget section */

/* Begin PBXProject section */
		980E2ACF1D6F0E9A00186AA3 /* Project object */ = {
			isa = PBXProject;
			attributes = {
				LastSwiftUpdateCheck = 0730;
				LastUpgradeCheck = 0730;
				ORGANIZATIONNAME = fox;
				TargetAttributes = {
					980E2AD61D6F0E9A00186AA3 = {
						CreatedOnToolsVersion = 7.3.1;
						DevelopmentTeam = QZPN7Z6B67;
					};
					980E2AEA1D6F0E9B00186AA3 = {
						CreatedOnToolsVersion = 7.3.1;
						TestTargetID = 980E2AD61D6F0E9A00186AA3;
					};
					980E2AF51D6F0E9B00186AA3 = {
						CreatedOnToolsVersion = 7.3.1;
						TestTargetID = 980E2AD61D6F0E9A00186AA3;
					};
				};
			};
			buildConfigurationList = 980E2AD21D6F0E9A00186AA3 /* Build configuration list for PBXProject "RunToMusic" */;
			compatibilityVersion = "Xcode 3.2";
			developmentRegion = English;
			hasScannedForEncodings = 0;
			knownRegions = (
				en,
				Base,
			);
			mainGroup = 980E2ACE1D6F0E9A00186AA3;
			productRefGroup = 980E2AD81D6F0E9A00186AA3 /* Products */;
			projectDirPath = "";
			projectRoot = "";
			targets = (
				980E2AD61D6F0E9A00186AA3 /* RunToMusic */,
				980E2AEA1D6F0E9B00186AA3 /* RunToMusicTests */,
				980E2AF51D6F0E9B00186AA3 /* RunToMusicUITests */,
			);
		};
/* End PBXProject section */

/* Begin PBXResourcesBuildPhase section */
		980E2AD51D6F0E9A00186AA3 /* Resources */ = {
			isa = PBXResourcesBuildPhase;
			buildActionMask = 2147483647;
			files = (
				980E2AE51D6F0E9A00186AA3 /* LaunchScreen.storyboard in Resources */,
				980E2AE21D6F0E9A00186AA3 /* Assets.xcassets in Resources */,
				985E25C41D79B3F100EE71AE /* art in Resources */,
				980E2AE01D6F0E9A00186AA3 /* Main.storyboard in Resources */,
			);
			runOnlyForDeploymentPostprocessing = 0;
		};
		980E2AE91D6F0E9B00186AA3 /* Resources */ = {
			isa = PBXResourcesBuildPhase;
			buildActionMask = 2147483647;
			files = (
			);
			runOnlyForDeploymentPostprocessing = 0;
		};
		980E2AF41D6F0E9B00186AA3 /* Resources */ = {
			isa = PBXResourcesBuildPhase;
			buildActionMask = 2147483647;
			files = (
			);
			runOnlyForDeploymentPostprocessing = 0;
		};
/* End PBXResourcesBuildPhase section */

/* Begin PBXSourcesBuildPhase section */
		980E2AD31D6F0E9A00186AA3 /* Sources */ = {
			isa = PBXSourcesBuildPhase;
			buildActionMask = 2147483647;
			files = (
				980E2B091D6F0EF700186AA3 /* GetMusicList.swift in Sources */,
				980E2ADD1D6F0E9A00186AA3 /* ViewController.swift in Sources */,
				980E2ADB1D6F0E9A00186AA3 /* AppDelegate.swift in Sources */,
			);
			runOnlyForDeploymentPostprocessing = 0;
		};
		980E2AE71D6F0E9B00186AA3 /* Sources */ = {
			isa = PBXSourcesBuildPhase;
			buildActionMask = 2147483647;
			files = (
				980E2AF01D6F0E9B00186AA3 /* RunToMusicTests.swift in Sources */,
			);
			runOnlyForDeploymentPostprocessing = 0;
		};
		980E2AF21D6F0E9B00186AA3 /* Sources */ = {
			isa = PBXSourcesBuildPhase;
			buildActionMask = 2147483647;
			files = (
				980E2AFB1D6F0E9B00186AA3 /* RunToMusicUITests.swift in Sources */,
			);
			runOnlyForDeploymentPostprocessing = 0;
		};
/* End PBXSourcesBuildPhase section */

/* Begin PBXTargetDependency section */
		980E2AED1D6F0E9B00186AA3 /* PBXTargetDependency */ = {
			isa = PBXTargetDependency;
			target = 980E2AD61D6F0E9A00186AA3 /* RunToMusic */;
			targetProxy = 980E2AEC1D6F0E9B00186AA3 /* PBXContainerItemProxy */;
		};
		980E2AF81D6F0E9B00186AA3 /* PBXTargetDependency */ = {
			isa = PBXTargetDependency;
			target = 980E2AD61D6F0E9A00186AA3 /* RunToMusic */;
			targetProxy = 980E2AF71D6F0E9B00186AA3 /* PBXContainerItemProxy */;
		};
/* End PBXTargetDependency section */

/* Begin PBXVariantGroup section */
		980E2ADE1D6F0E9A00186AA3 /* Main.storyboard */ = {
			isa = PBXVariantGroup;
			children = (
				980E2ADF1D6F0E9A00186AA3 /* Base */,
			);
			name = Main.storyboard;
			sourceTree = "<group>";
		};
		980E2AE31D6F0E9A00186AA3 /* LaunchScreen.storyboard */ = {
			isa = PBXVariantGroup;
			children = (
				980E2AE41D6F0E9A00186AA3 /* Base */,
			);
			name = LaunchScreen.storyboard;
			sourceTree = "<group>";
		};
/* End PBXVariantGroup section */

/* Begin XCBuildConfiguration section */
		980E2AFD1D6F0E9B00186AA3 /* Debug */ = {
			isa = XCBuildConfiguration;
			buildSettings = {
				ALWAYS_SEARCH_USER_PATHS = NO;
				CLANG_ANALYZER_NONNULL = YES;
				CLANG_CXX_LANGUAGE_STANDARD = "gnu++0x";
				CLANG_CXX_LIBRARY = "libc++";
				CLANG_ENABLE_MODULES = YES;
				CLANG_ENABLE_OBJC_ARC = YES;
				CLANG_WARN_BOOL_CONVERSION = YES;
				CLANG_WARN_CONSTANT_CONVERSION = YES;
				CLANG_WARN_DIRECT_OBJC_ISA_USAGE = YES_ERROR;
				CLANG_WARN_EMPTY_BODY = YES;
				CLANG_WARN_ENUM_CONVERSION = YES;
				CLANG_WARN_INT_CONVERSION = YES;
				CLANG_WARN_OBJC_ROOT_CLASS = YES_ERROR;
				CLANG_WARN_UNREACHABLE_CODE = YES;
				CLANG_WARN__DUPLICATE_METHOD_MATCH = YES;
				"CODE_SIGN_IDENTITY[sdk=iphoneos*]" = "iPhone Developer";
				COPY_PHASE_STRIP = NO;
				DEBUG_INFORMATION_FORMAT = dwarf;
				ENABLE_STRICT_OBJC_MSGSEND = YES;
				ENABLE_TESTABILITY = YES;
				GCC_C_LANGUAGE_STANDARD = gnu99;
				GCC_DYNAMIC_NO_PIC = NO;
				GCC_NO_COMMON_BLOCKS = YES;
				GCC_OPTIMIZATION_LEVEL = 0;
				GCC_PREPROCESSOR_DEFINITIONS = (
					"DEBUG=1",
					"$(inherited)",
				);
				GCC_WARN_64_TO_32_BIT_CONVERSION = YES;
				GCC_WARN_ABOUT_RETURN_TYPE = YES_ERROR;
				GCC_WARN_UNDECLARED_SELECTOR = YES;
				GCC_WARN_UNINITIALIZED_AUTOS = YES_AGGRESSIVE;
				GCC_WARN_UNUSED_FUNCTION = YES;
				GCC_WARN_UNUSED_VARIABLE = YES;
				IPHONEOS_DEPLOYMENT_TARGET = 9.3;
				MTL_ENABLE_DEBUG_INFO = YES;
				ONLY_ACTIVE_ARCH = YES;
				SDKROOT = iphoneos;
				SWIFT_OPTIMIZATION_LEVEL = "-Onone";
			};
			name = Debug;
		};
		980E2AFE1D6F0E9B00186AA3 /* Release */ = {
			isa = XCBuildConfiguration;
			buildSettings = {
				ALWAYS_SEARCH_USER_PATHS = NO;
				CLANG_ANALYZER_NONNULL = YES;
				CLANG_CXX_LANGUAGE_STANDARD = "gnu++0x";
				CLANG_CXX_LIBRARY = "libc++";
				CLANG_ENABLE_MODULES = YES;
				CLANG_ENABLE_OBJC_ARC = YES;
				CLANG_WARN_BOOL_CONVERSION = YES;
				CLANG_WARN_CONSTANT_CONVERSION = YES;
				CLANG_WARN_DIRECT_OBJC_ISA_USAGE = YES_ERROR;
				CLANG_WARN_EMPTY_BODY = YES;
				CLANG_WARN_ENUM_CONVERSION = YES;
				CLANG_WARN_INT_CONVERSION = YES;
				CLANG_WARN_OBJC_ROOT_CLASS = YES_ERROR;
				CLANG_WARN_UNREACHABLE_CODE = YES;
				CLANG_WARN__DUPLICATE_METHOD_MATCH = YES;
				"CODE_SIGN_IDENTITY[sdk=iphoneos*]" = "iPhone Developer";
				COPY_PHASE_STRIP = NO;
				DEBUG_INFORMATION_FORMAT = "dwarf-with-dsym";
				ENABLE_NS_ASSERTIONS = NO;
				ENABLE_STRICT_OBJC_MSGSEND = YES;
				GCC_C_LANGUAGE_STANDARD = gnu99;
				GCC_NO_COMMON_BLOCKS = YES;
				GCC_WARN_64_TO_32_BIT_CONVERSION = YES;
				GCC_WARN_ABOUT_RETURN_TYPE = YES_ERROR;
				GCC_WARN_UNDECLARED_SELECTOR = YES;
				GCC_WARN_UNINITIALIZED_AUTOS = YES_AGGRESSIVE;
				GCC_WARN_UNUSED_FUNCTION = YES;
				GCC_WARN_UNUSED_VARIABLE = YES;
				IPHONEOS_DEPLOYMENT_TARGET = 9.3;
				MTL_ENABLE_DEBUG_INFO = NO;
				SDKROOT = iphoneos;
				VALIDATE_PRODUCT = YES;
			};
			name = Release;
		};
		980E2B001D6F0E9B00186AA3 /* Debug */ = {
			isa = XCBuildConfiguration;
			buildSettings = {
				ASSETCATALOG_COMPILER_APPICON_NAME = AppIcon;
				CODE_SIGN_IDENTITY = "iPhone Developer";
				"CODE_SIGN_IDENTITY[sdk=iphoneos*]" = "iPhone Developer";
				INFOPLIST_FILE = RunToMusic/Info.plist;
				LD_RUNPATH_SEARCH_PATHS = "$(inherited) @executable_path/Frameworks";
				PRODUCT_BUNDLE_IDENTIFIER = HB.RunToMusic;
				PRODUCT_NAME = "$(TARGET_NAME)";
				PROVISIONING_PROFILE = "";
			};
			name = Debug;
		};
		980E2B011D6F0E9B00186AA3 /* Release */ = {
			isa = XCBuildConfiguration;
			buildSettings = {
				ASSETCATALOG_COMPILER_APPICON_NAME = AppIcon;
				CODE_SIGN_IDENTITY = "iPhone Developer";
				"CODE_SIGN_IDENTITY[sdk=iphoneos*]" = "iPhone Developer";
				INFOPLIST_FILE = RunToMusic/Info.plist;
				LD_RUNPATH_SEARCH_PATHS = "$(inherited) @executable_path/Frameworks";
				PRODUCT_BUNDLE_IDENTIFIER = HB.RunToMusic;
				PRODUCT_NAME = "$(TARGET_NAME)";
				PROVISIONING_PROFILE = "";
			};
			name = Release;
		};
		980E2B031D6F0E9B00186AA3 /* Debug */ = {
			isa = XCBuildConfiguration;
			buildSettings = {
				BUNDLE_LOADER = "$(TEST_HOST)";
				INFOPLIST_FILE = RunToMusicTests/Info.plist;
				LD_RUNPATH_SEARCH_PATHS = "$(inherited) @executable_path/Frameworks @loader_path/Frameworks";
				PRODUCT_BUNDLE_IDENTIFIER = HB.RunToMusicTests;
				PRODUCT_NAME = "$(TARGET_NAME)";
				TEST_HOST = "$(BUILT_PRODUCTS_DIR)/RunToMusic.app/RunToMusic";
			};
			name = Debug;
		};
		980E2B041D6F0E9B00186AA3 /* Release */ = {
			isa = XCBuildConfiguration;
			buildSettings = {
				BUNDLE_LOADER = "$(TEST_HOST)";
				INFOPLIST_FILE = RunToMusicTests/Info.plist;
				LD_RUNPATH_SEARCH_PATHS = "$(inherited) @executable_path/Frameworks @loader_path/Frameworks";
				PRODUCT_BUNDLE_IDENTIFIER = HB.RunToMusicTests;
				PRODUCT_NAME = "$(TARGET_NAME)";
				TEST_HOST = "$(BUILT_PRODUCTS_DIR)/RunToMusic.app/RunToMusic";
			};
			name = Release;
		};
		980E2B061D6F0E9B00186AA3 /* Debug */ = {
			isa = XCBuildConfiguration;
			buildSettings = {
				INFOPLIST_FILE = RunToMusicUITests/Info.plist;
				LD_RUNPATH_SEARCH_PATHS = "$(inherited) @executable_path/Frameworks @loader_path/Frameworks";
				PRODUCT_BUNDLE_IDENTIFIER = HB.RunToMusicUITests;
				PRODUCT_NAME = "$(TARGET_NAME)";
				TEST_TARGET_NAME = RunToMusic;
			};
			name = Debug;
		};
		980E2B071D6F0E9B00186AA3 /* Release */ = {
			isa = XCBuildConfiguration;
			buildSettings = {
				INFOPLIST_FILE = RunToMusicUITests/Info.plist;
				LD_RUNPATH_SEARCH_PATHS = "$(inherited) @executable_path/Frameworks @loader_path/Frameworks";
				PRODUCT_BUNDLE_IDENTIFIER = HB.RunToMusicUITests;
				PRODUCT_NAME = "$(TARGET_NAME)";
				TEST_TARGET_NAME = RunToMusic;
			};
			name = Release;
		};
/* End XCBuildConfiguration section */

/* Begin XCConfigurationList section */
		980E2AD21D6F0E9A00186AA3 /* Build configuration list for PBXProject "RunToMusic" */ = {
			isa = XCConfigurationList;
			buildConfigurations = (
				980E2AFD1D6F0E9B00186AA3 /* Debug */,
				980E2AFE1D6F0E9B00186AA3 /* Release */,
			);
			defaultConfigurationIsVisible = 0;
			defaultConfigurationName = Release;
		};
		980E2AFF1D6F0E9B00186AA3 /* Build configuration list for PBXNativeTarget "RunToMusic" */ = {
			isa = XCConfigurationList;
			buildConfigurations = (
				980E2B001D6F0E9B00186AA3 /* Debug */,
				980E2B011D6F0E9B00186AA3 /* Release */,
			);
			defaultConfigurationIsVisible = 0;
			defaultConfigurationName = Release;
		};
		980E2B021D6F0E9B00186AA3 /* Build configuration list for PBXNativeTarget "RunToMusicTests" */ = {
			isa = XCConfigurationList;
			buildConfigurations = (
				980E2B031D6F0E9B00186AA3 /* Debug */,
				980E2B041D6F0E9B00186AA3 /* Release */,
			);
			defaultConfigurationIsVisible = 0;
			defaultConfigurationName = Release;
		};
		980E2B051D6F0E9B00186AA3 /* Build configuration list for PBXNativeTarget "RunToMusicUITests" */ = {
			isa = XCConfigurationList;
			buildConfigurations = (
				980E2B061D6F0E9B00186AA3 /* Debug */,
				980E2B071D6F0E9B00186AA3 /* Release */,
			);
			defaultConfigurationIsVisible = 0;
			defaultConfigurationName = Release;
		};
/* End XCConfigurationList section */
	};
	rootObject = 980E2ACF1D6F0E9A00186AA3 /* Project object */;
}
